// !$*UTF8*$!
{
	archiveVersion = 1;
	classes = {
	};
	objectVersion = 55;
	objects = {

/* Begin PBXBuildFile section */
		05BCE44728AE241D0021C0D0 /* AppDelegate.swift in Sources */ = {isa = PBXBuildFile; fileRef = 05BCE44628AE241D0021C0D0 /* AppDelegate.swift */; };
		05BCE44928AE241D0021C0D0 /* SceneDelegate.swift in Sources */ = {isa = PBXBuildFile; fileRef = 05BCE44828AE241D0021C0D0 /* SceneDelegate.swift */; };
		05BCE44B28AE241D0021C0D0 /* ViewController.swift in Sources */ = {isa = PBXBuildFile; fileRef = 05BCE44A28AE241D0021C0D0 /* ViewController.swift */; };
		05BCE44E28AE241D0021C0D0 /* Main.storyboard in Resources */ = {isa = PBXBuildFile; fileRef = 05BCE44C28AE241D0021C0D0 /* Main.storyboard */; };
		05BCE45028AE241F0021C0D0 /* Assets.xcassets in Resources */ = {isa = PBXBuildFile; fileRef = 05BCE44F28AE241F0021C0D0 /* Assets.xcassets */; };
		05BCE45328AE241F0021C0D0 /* LaunchScreen.storyboard in Resources */ = {isa = PBXBuildFile; fileRef = 05BCE45128AE241F0021C0D0 /* LaunchScreen.storyboard */; };
		05BCE45E28AE241F0021C0D0 /* AskMeAnythingTests.swift in Sources */ = {isa = PBXBuildFile; fileRef = 05BCE45D28AE241F0021C0D0 /* AskMeAnythingTests.swift */; };
		05BCE46828AE241F0021C0D0 /* AskMeAnythingUITests.swift in Sources */ = {isa = PBXBuildFile; fileRef = 05BCE46728AE241F0021C0D0 /* AskMeAnythingUITests.swift */; };
		05BCE46A28AE241F0021C0D0 /* AskMeAnythingUITestsLaunchTests.swift in Sources */ = {isa = PBXBuildFile; fileRef = 05BCE46928AE241F0021C0D0 /* AskMeAnythingUITestsLaunchTests.swift */; };
/* End PBXBuildFile section */

/* Begin PBXContainerItemProxy section */
		05BCE45A28AE241F0021C0D0 /* PBXContainerItemProxy */ = {
			isa = PBXContainerItemProxy;
			containerPortal = 05BCE43B28AE241D0021C0D0 /* Project object */;
			proxyType = 1;
			remoteGlobalIDString = 05BCE44228AE241D0021C0D0;
			remoteInfo = AskMeAnything;
		};
		05BCE46428AE241F0021C0D0 /* PBXContainerItemProxy */ = {
			isa = PBXContainerItemProxy;
			containerPortal = 05BCE43B28AE241D0021C0D0 /* Project object */;
			proxyType = 1;
			remoteGlobalIDString = 05BCE44228AE241D0021C0D0;
			remoteInfo = AskMeAnything;
		};
/* End PBXContainerItemProxy section */

/* Begin PBXFileReference section */
		05BCE44328AE241D0021C0D0 /* AskMeAnything.app */ = {isa = PBXFileReference; explicitFileType = wrapper.application; includeInIndex = 0; path = AskMeAnything.app; sourceTree = BUILT_PRODUCTS_DIR; };
		05BCE44628AE241D0021C0D0 /* AppDelegate.swift */ = {isa = PBXFileReference; lastKnownFileType = sourcecode.swift; path = AppDelegate.swift; sourceTree = "<group>"; };
		05BCE44828AE241D0021C0D0 /* SceneDelegate.swift */ = {isa = PBXFileReference; lastKnownFileType = sourcecode.swift; path = SceneDelegate.swift; sourceTree = "<group>"; };
		05BCE44A28AE241D0021C0D0 /* ViewController.swift */ = {isa = PBXFileReference; lastKnownFileType = sourcecode.swift; path = ViewController.swift; sourceTree = "<group>"; };
		05BCE44D28AE241D0021C0D0 /* Base */ = {isa = PBXFileReference; lastKnownFileType = file.storyboard; name = Base; path = Base.lproj/Main.storyboard; sourceTree = "<group>"; };
		05BCE44F28AE241F0021C0D0 /* Assets.xcassets */ = {isa = PBXFileReference; lastKnownFileType = folder.assetcatalog; path = Assets.xcassets; sourceTree = "<group>"; };
		05BCE45228AE241F0021C0D0 /* Base */ = {isa = PBXFileReference; lastKnownFileType = file.storyboard; name = Base; path = Base.lproj/LaunchScreen.storyboard; sourceTree = "<group>"; };
		05BCE45428AE241F0021C0D0 /* Info.plist */ = {isa = PBXFileReference; lastKnownFileType = text.plist.xml; path = Info.plist; sourceTree = "<group>"; };
		05BCE45928AE241F0021C0D0 /* AskMeAnythingTests.xctest */ = {isa = PBXFileReference; explicitFileType = wrapper.cfbundle; includeInIndex = 0; path = AskMeAnythingTests.xctest; sourceTree = BUILT_PRODUCTS_DIR; };
		05BCE45D28AE241F0021C0D0 /* AskMeAnythingTests.swift */ = {isa = PBXFileReference; lastKnownFileType = sourcecode.swift; path = AskMeAnythingTests.swift; sourceTree = "<group>"; };
		05BCE46328AE241F0021C0D0 /* AskMeAnythingUITests.xctest */ = {isa = PBXFileReference; explicitFileType = wrapper.cfbundle; includeInIndex = 0; path = AskMeAnythingUITests.xctest; sourceTree = BUILT_PRODUCTS_DIR; };
		05BCE46728AE241F0021C0D0 /* AskMeAnythingUITests.swift */ = {isa = PBXFileReference; lastKnownFileType = sourcecode.swift; path = AskMeAnythingUITests.swift; sourceTree = "<group>"; };
		05BCE46928AE241F0021C0D0 /* AskMeAnythingUITestsLaunchTests.swift */ = {isa = PBXFileReference; lastKnownFileType = sourcecode.swift; path = AskMeAnythingUITestsLaunchTests.swift; sourceTree = "<group>"; };
/* End PBXFileReference section */

/* Begin PBXFrameworksBuildPhase section */
		05BCE44028AE241D0021C0D0 /* Frameworks */ = {
			isa = PBXFrameworksBuildPhase;
			buildActionMask = 2147483647;
			files = (
			);
			runOnlyForDeploymentPostprocessing = 0;
		};
		05BCE45628AE241F0021C0D0 /* Frameworks */ = {
			isa = PBXFrameworksBuildPhase;
			buildActionMask = 2147483647;
			files = (
			);
			runOnlyForDeploymentPostprocessing = 0;
		};
		05BCE46028AE241F0021C0D0 /* Frameworks */ = {
			isa = PBXFrameworksBuildPhase;
			buildActionMask = 2147483647;
			files = (
			);
			runOnlyForDeploymentPostprocessing = 0;
		};
/* End PBXFrameworksBuildPhase section */

/* Begin PBXGroup section */
		05BCE43A28AE241D0021C0D0 = {
			isa = PBXGroup;
			children = (
				05BCE44528AE241D0021C0D0 /* AskMeAnything */,
				05BCE45C28AE241F0021C0D0 /* AskMeAnythingTests */,
				05BCE46628AE241F0021C0D0 /* AskMeAnythingUITests */,
				05BCE44428AE241D0021C0D0 /* Products */,
			);
			sourceTree = "<group>";
		};
		05BCE44428AE241D0021C0D0 /* Products */ = {
			isa = PBXGroup;
			children = (
				05BCE44328AE241D0021C0D0 /* AskMeAnything.app */,
				05BCE45928AE241F0021C0D0 /* AskMeAnythingTests.xctest */,
				05BCE46328AE241F0021C0D0 /* AskMeAnythingUITests.xctest */,
			);
			name = Products;
			sourceTree = "<group>";
		};
		05BCE44528AE241D0021C0D0 /* AskMeAnything */ = {
			isa = PBXGroup;
			children = (
				05BCE44628AE241D0021C0D0 /* AppDelegate.swift */,
				05BCE44828AE241D0021C0D0 /* SceneDelegate.swift */,
				05BCE44A28AE241D0021C0D0 /* ViewController.swift */,
				05BCE44C28AE241D0021C0D0 /* Main.storyboard */,
				05BCE44F28AE241F0021C0D0 /* Assets.xcassets */,
				05BCE45128AE241F0021C0D0 /* LaunchScreen.storyboard */,
				05BCE45428AE241F0021C0D0 /* Info.plist */,
			);
			path = AskMeAnything;
			sourceTree = "<group>";
		};
		05BCE45C28AE241F0021C0D0 /* AskMeAnythingTests */ = {
			isa = PBXGroup;
			children = (
				05BCE45D28AE241F0021C0D0 /* AskMeAnythingTests.swift */,
			);
			path = AskMeAnythingTests;
			sourceTree = "<group>";
		};
		05BCE46628AE241F0021C0D0 /* AskMeAnythingUITests */ = {
			isa = PBXGroup;
			children = (
				05BCE46728AE241F0021C0D0 /* AskMeAnythingUITests.swift */,
				05BCE46928AE241F0021C0D0 /* AskMeAnythingUITestsLaunchTests.swift */,
			);
			path = AskMeAnythingUITests;
			sourceTree = "<group>";
		};
/* End PBXGroup section */

/* Begin PBXNativeTarget section */
		05BCE44228AE241D0021C0D0 /* AskMeAnything */ = {
			isa = PBXNativeTarget;
			buildConfigurationList = 05BCE46D28AE241F0021C0D0 /* Build configuration list for PBXNativeTarget "AskMeAnything" */;
			buildPhases = (
				05BCE43F28AE241D0021C0D0 /* Sources */,
				05BCE44028AE241D0021C0D0 /* Frameworks */,
				05BCE44128AE241D0021C0D0 /* Resources */,
			);
			buildRules = (
			);
			dependencies = (
			);
			name = AskMeAnything;
			productName = AskMeAnything;
			productReference = 05BCE44328AE241D0021C0D0 /* AskMeAnything.app */;
			productType = "com.apple.product-type.application";
		};
		05BCE45828AE241F0021C0D0 /* AskMeAnythingTests */ = {
			isa = PBXNativeTarget;
			buildConfigurationList = 05BCE47028AE241F0021C0D0 /* Build configuration list for PBXNativeTarget "AskMeAnythingTests" */;
			buildPhases = (
				05BCE45528AE241F0021C0D0 /* Sources */,
				05BCE45628AE241F0021C0D0 /* Frameworks */,
				05BCE45728AE241F0021C0D0 /* Resources */,
			);
			buildRules = (
			);
			dependencies = (
				05BCE45B28AE241F0021C0D0 /* PBXTargetDependency */,
			);
			name = AskMeAnythingTests;
			productName = AskMeAnythingTests;
			productReference = 05BCE45928AE241F0021C0D0 /* AskMeAnythingTests.xctest */;
			productType = "com.apple.product-type.bundle.unit-test";
		};
		05BCE46228AE241F0021C0D0 /* AskMeAnythingUITests */ = {
			isa = PBXNativeTarget;
			buildConfigurationList = 05BCE47328AE241F0021C0D0 /* Build configuration list for PBXNativeTarget "AskMeAnythingUITests" */;
			buildPhases = (
				05BCE45F28AE241F0021C0D0 /* Sources */,
				05BCE46028AE241F0021C0D0 /* Frameworks */,
				05BCE46128AE241F0021C0D0 /* Resources */,
			);
			buildRules = (
			);
			dependencies = (
				05BCE46528AE241F0021C0D0 /* PBXTargetDependency */,
			);
			name = AskMeAnythingUITests;
			productName = AskMeAnythingUITests;
			productReference = 05BCE46328AE241F0021C0D0 /* AskMeAnythingUITests.xctest */;
			productType = "com.apple.product-type.bundle.ui-testing";
		};
/* End PBXNativeTarget section */

/* Begin PBXProject section */
		05BCE43B28AE241D0021C0D0 /* Project object */ = {
			isa = PBXProject;
			attributes = {
				BuildIndependentTargetsInParallel = 1;
				LastSwiftUpdateCheck = 1340;
				LastUpgradeCheck = 1340;
				TargetAttributes = {
					05BCE44228AE241D0021C0D0 = {
						CreatedOnToolsVersion = 13.4.1;
					};
					05BCE45828AE241F0021C0D0 = {
						CreatedOnToolsVersion = 13.4.1;
						TestTargetID = 05BCE44228AE241D0021C0D0;
					};
					05BCE46228AE241F0021C0D0 = {
						CreatedOnToolsVersion = 13.4.1;
						TestTargetID = 05BCE44228AE241D0021C0D0;
					};
				};
			};
			buildConfigurationList = 05BCE43E28AE241D0021C0D0 /* Build configuration list for PBXProject "AskMeAnything" */;
			compatibilityVersion = "Xcode 13.0";
			developmentRegion = en;
			hasScannedForEncodings = 0;
			knownRegions = (
				en,
				Base,
			);
			mainGroup = 05BCE43A28AE241D0021C0D0;
			productRefGroup = 05BCE44428AE241D0021C0D0 /* Products */;
			projectDirPath = "";
			projectRoot = "";
			targets = (
				05BCE44228AE241D0021C0D0 /* AskMeAnything */,
				05BCE45828AE241F0021C0D0 /* AskMeAnythingTests */,
				05BCE46228AE241F0021C0D0 /* AskMeAnythingUITests */,
			);
		};
/* End PBXProject section */

/* Begin PBXResourcesBuildPhase section */
		05BCE44128AE241D0021C0D0 /* Resources */ = {
			isa = PBXResourcesBuildPhase;
			buildActionMask = 2147483647;
			files = (
				05BCE45328AE241F0021C0D0 /* LaunchScreen.storyboard in Resources */,
				05BCE45028AE241F0021C0D0 /* Assets.xcassets in Resources */,
				05BCE44E28AE241D0021C0D0 /* Main.storyboard in Resources */,
			);
			runOnlyForDeploymentPostprocessing = 0;
		};
		05BCE45728AE241F0021C0D0 /* Resources */ = {
			isa = PBXResourcesBuildPhase;
			buildActionMask = 2147483647;
			files = (
			);
			runOnlyForDeploymentPostprocessing = 0;
		};
		05BCE46128AE241F0021C0D0 /* Resources */ = {
			isa = PBXResourcesBuildPhase;
			buildActionMask = 2147483647;
			files = (
			);
			runOnlyForDeploymentPostprocessing = 0;
		};
/* End PBXResourcesBuildPhase section */

/* Begin PBXSourcesBuildPhase section */
		05BCE43F28AE241D0021C0D0 /* Sources */ = {
			isa = PBXSourcesBuildPhase;
			buildActionMask = 2147483647;
			files = (
				05BCE44B28AE241D0021C0D0 /* ViewController.swift in Sources */,
				05BCE44728AE241D0021C0D0 /* AppDelegate.swift in Sources */,
				05BCE44928AE241D0021C0D0 /* SceneDelegate.swift in Sources */,
			);
			runOnlyForDeploymentPostprocessing = 0;
		};
		05BCE45528AE241F0021C0D0 /* Sources */ = {
			isa = PBXSourcesBuildPhase;
			buildActionMask = 2147483647;
			files = (
				05BCE45E28AE241F0021C0D0 /* AskMeAnythingTests.swift in Sources */,
			);
			runOnlyForDeploymentPostprocessing = 0;
		};
		05BCE45F28AE241F0021C0D0 /* Sources */ = {
			isa = PBXSourcesBuildPhase;
			buildActionMask = 2147483647;
			files = (
				05BCE46A28AE241F0021C0D0 /* AskMeAnythingUITestsLaunchTests.swift in Sources */,
				05BCE46828AE241F0021C0D0 /* AskMeAnythingUITests.swift in Sources */,
			);
			runOnlyForDeploymentPostprocessing = 0;
		};
/* End PBXSourcesBuildPhase section */

/* Begin PBXTargetDependency section */
		05BCE45B28AE241F0021C0D0 /* PBXTargetDependency */ = {
			isa = PBXTargetDependency;
			target = 05BCE44228AE241D0021C0D0 /* AskMeAnything */;
			targetProxy = 05BCE45A28AE241F0021C0D0 /* PBXContainerItemProxy */;
		};
		05BCE46528AE241F0021C0D0 /* PBXTargetDependency */ = {
			isa = PBXTargetDependency;
			target = 05BCE44228AE241D0021C0D0 /* AskMeAnything */;
			targetProxy = 05BCE46428AE241F0021C0D0 /* PBXContainerItemProxy */;
		};
/* End PBXTargetDependency section */

/* Begin PBXVariantGroup section */
		05BCE44C28AE241D0021C0D0 /* Main.storyboard */ = {
			isa = PBXVariantGroup;
			children = (
				05BCE44D28AE241D0021C0D0 /* Base */,
			);
			name = Main.storyboard;
			sourceTree = "<group>";
		};
		05BCE45128AE241F0021C0D0 /* LaunchScreen.storyboard */ = {
			isa = PBXVariantGroup;
			children = (
				05BCE45228AE241F0021C0D0 /* Base */,
			);
			name = LaunchScreen.storyboard;
			sourceTree = "<group>";
		};
/* End PBXVariantGroup section */

/* Begin XCBuildConfiguration section */
		05BCE46B28AE241F0021C0D0 /* Debug */ = {
			isa = XCBuildConfiguration;
			buildSettings = {
				ALWAYS_SEARCH_USER_PATHS = NO;
				CLANG_ANALYZER_NONNULL = YES;
				CLANG_ANALYZER_NUMBER_OBJECT_CONVERSION = YES_AGGRESSIVE;
				CLANG_CXX_LANGUAGE_STANDARD = "gnu++17";
				CLANG_ENABLE_MODULES = YES;
				CLANG_ENABLE_OBJC_ARC = YES;
				CLANG_ENABLE_OBJC_WEAK = YES;
				CLANG_WARN_BLOCK_CAPTURE_AUTORELEASING = YES;
				CLANG_WARN_BOOL_CONVERSION = YES;
				CLANG_WARN_COMMA = YES;
				CLANG_WARN_CONSTANT_CONVERSION = YES;
				CLANG_WARN_DEPRECATED_OBJC_IMPLEMENTATIONS = YES;
				CLANG_WARN_DIRECT_OBJC_ISA_USAGE = YES_ERROR;
				CLANG_WARN_DOCUMENTATION_COMMENTS = YES;
				CLANG_WARN_EMPTY_BODY = YES;
				CLANG_WARN_ENUM_CONVERSION = YES;
				CLANG_WARN_INFINITE_RECURSION = YES;
				CLANG_WARN_INT_CONVERSION = YES;
				CLANG_WARN_NON_LITERAL_NULL_CONVERSION = YES;
				CLANG_WARN_OBJC_IMPLICIT_RETAIN_SELF = YES;
				CLANG_WARN_OBJC_LITERAL_CONVERSION = YES;
				CLANG_WARN_OBJC_ROOT_CLASS = YES_ERROR;
				CLANG_WARN_QUOTED_INCLUDE_IN_FRAMEWORK_HEADER = YES;
				CLANG_WARN_RANGE_LOOP_ANALYSIS = YES;
				CLANG_WARN_STRICT_PROTOTYPES = YES;
				CLANG_WARN_SUSPICIOUS_MOVE = YES;
				CLANG_WARN_UNGUARDED_AVAILABILITY = YES_AGGRESSIVE;
				CLANG_WARN_UNREACHABLE_CODE = YES;
				CLANG_WARN__DUPLICATE_METHOD_MATCH = YES;
				COPY_PHASE_STRIP = NO;
				DEBUG_INFORMATION_FORMAT = dwarf;
				ENABLE_STRICT_OBJC_MSGSEND = YES;
				ENABLE_TESTABILITY = YES;
				GCC_C_LANGUAGE_STANDARD = gnu11;
				GCC_DYNAMIC_NO_PIC = NO;
				GCC_NO_COMMON_BLOCKS = YES;
				GCC_OPTIMIZATION_LEVEL = 0;
				GCC_PREPROCESSOR_DEFINITIONS = (
					"DEBUG=1",
					"$(inherited)",
				);
				GCC_WARN_64_TO_32_BIT_CONVERSION = YES;
				GCC_WARN_ABOUT_RETURN_TYPE = YES_ERROR;
				GCC_WARN_UNDECLARED_SELECTOR = YES;
				GCC_WARN_UNINITIALIZED_AUTOS = YES_AGGRESSIVE;
				GCC_WARN_UNUSED_FUNCTION = YES;
				GCC_WARN_UNUSED_VARIABLE = YES;
				IPHONEOS_DEPLOYMENT_TARGET = 15.5;
				MTL_ENABLE_DEBUG_INFO = INCLUDE_SOURCE;
				MTL_FAST_MATH = YES;
				ONLY_ACTIVE_ARCH = YES;
				SDKROOT = iphoneos;
				SWIFT_ACTIVE_COMPILATION_CONDITIONS = DEBUG;
				SWIFT_OPTIMIZATION_LEVEL = "-Onone";
			};
			name = Debug;
		};
		05BCE46C28AE241F0021C0D0 /* Release */ = {
			isa = XCBuildConfiguration;
			buildSettings = {
				ALWAYS_SEARCH_USER_PATHS = NO;
				CLANG_ANALYZER_NONNULL = YES;
				CLANG_ANALYZER_NUMBER_OBJECT_CONVERSION = YES_AGGRESSIVE;
				CLANG_CXX_LANGUAGE_STANDARD = "gnu++17";
				CLANG_ENABLE_MODULES = YES;
				CLANG_ENABLE_OBJC_ARC = YES;
				CLANG_ENABLE_OBJC_WEAK = YES;
				CLANG_WARN_BLOCK_CAPTURE_AUTORELEASING = YES;
				CLANG_WARN_BOOL_CONVERSION = YES;
				CLANG_WARN_COMMA = YES;
				CLANG_WARN_CONSTANT_CONVERSION = YES;
				CLANG_WARN_DEPRECATED_OBJC_IMPLEMENTATIONS = YES;
				CLANG_WARN_DIRECT_OBJC_ISA_USAGE = YES_ERROR;
				CLANG_WARN_DOCUMENTATION_COMMENTS = YES;
				CLANG_WARN_EMPTY_BODY = YES;
				CLANG_WARN_ENUM_CONVERSION = YES;
				CLANG_WARN_INFINITE_RECURSION = YES;
				CLANG_WARN_INT_CONVERSION = YES;
				CLANG_WARN_NON_LITERAL_NULL_CONVERSION = YES;
				CLANG_WARN_OBJC_IMPLICIT_RETAIN_SELF = YES;
				CLANG_WARN_OBJC_LITERAL_CONVERSION = YES;
				CLANG_WARN_OBJC_ROOT_CLASS = YES_ERROR;
				CLANG_WARN_QUOTED_INCLUDE_IN_FRAMEWORK_HEADER = YES;
				CLANG_WARN_RANGE_LOOP_ANALYSIS = YES;
				CLANG_WARN_STRICT_PROTOTYPES = YES;
				CLANG_WARN_SUSPICIOUS_MOVE = YES;
				CLANG_WARN_UNGUARDED_AVAILABILITY = YES_AGGRESSIVE;
				CLANG_WARN_UNREACHABLE_CODE = YES;
				CLANG_WARN__DUPLICATE_METHOD_MATCH = YES;
				COPY_PHASE_STRIP = NO;
				DEBUG_INFORMATION_FORMAT = "dwarf-with-dsym";
				ENABLE_NS_ASSERTIONS = NO;
				ENABLE_STRICT_OBJC_MSGSEND = YES;
				GCC_C_LANGUAGE_STANDARD = gnu11;
				GCC_NO_COMMON_BLOCKS = YES;
				GCC_WARN_64_TO_32_BIT_CONVERSION = YES;
				GCC_WARN_ABOUT_RETURN_TYPE = YES_ERROR;
				GCC_WARN_UNDECLARED_SELECTOR = YES;
				GCC_WARN_UNINITIALIZED_AUTOS = YES_AGGRESSIVE;
				GCC_WARN_UNUSED_FUNCTION = YES;
				GCC_WARN_UNUSED_VARIABLE = YES;
				IPHONEOS_DEPLOYMENT_TARGET = 15.5;
				MTL_ENABLE_DEBUG_INFO = NO;
				MTL_FAST_MATH = YES;
				SDKROOT = iphoneos;
				SWIFT_COMPILATION_MODE = wholemodule;
				SWIFT_OPTIMIZATION_LEVEL = "-O";
				VALIDATE_PRODUCT = YES;
			};
			name = Release;
		};
		05BCE46E28AE241F0021C0D0 /* Debug */ = {
			isa = XCBuildConfiguration;
			buildSettings = {
				ASSETCATALOG_COMPILER_APPICON_NAME = AppIcon;
				ASSETCATALOG_COMPILER_GLOBAL_ACCENT_COLOR_NAME = AccentColor;
				CODE_SIGN_STYLE = Automatic;
				CURRENT_PROJECT_VERSION = 1;
				GENERATE_INFOPLIST_FILE = YES;
				INFOPLIST_FILE = AskMeAnything/Info.plist;
				INFOPLIST_KEY_UIApplicationSupportsIndirectInputEvents = YES;
				INFOPLIST_KEY_UILaunchStoryboardName = LaunchScreen;
				INFOPLIST_KEY_UIMainStoryboardFile = Main;
				INFOPLIST_KEY_UISupportedInterfaceOrientations_iPad = "UIInterfaceOrientationPortrait UIInterfaceOrientationPortraitUpsideDown UIInterfaceOrientationLandscapeLeft UIInterfaceOrientationLandscapeRight";
				INFOPLIST_KEY_UISupportedInterfaceOrientations_iPhone = "UIInterfaceOrientationPortrait UIInterfaceOrientationLandscapeLeft UIInterfaceOrientationLandscapeRight";
				LD_RUNPATH_SEARCH_PATHS = (
					"$(inherited)",
					"@executable_path/Frameworks",
				);
				MARKETING_VERSION = 1.0;
				PRODUCT_BUNDLE_IDENTIFIER = donatfeher.AskMeAnything;
				PRODUCT_NAME = "$(TARGET_NAME)";
				SWIFT_EMIT_LOC_STRINGS = YES;
				SWIFT_VERSION = 5.0;
				TARGETED_DEVICE_FAMILY = "1,2";
			};
			name = Debug;
		};
		05BCE46F28AE241F0021C0D0 /* Release */ = {
			isa = XCBuildConfiguration;
			buildSettings = {
				ASSETCATALOG_COMPILER_APPICON_NAME = AppIcon;
				ASSETCATALOG_COMPILER_GLOBAL_ACCENT_COLOR_NAME = AccentColor;
				CODE_SIGN_STYLE = Automatic;
				CURRENT_PROJECT_VERSION = 1;
				GENERATE_INFOPLIST_FILE = YES;
				INFOPLIST_FILE = AskMeAnything/Info.plist;
				INFOPLIST_KEY_UIApplicationSupportsIndirectInputEvents = YES;
				INFOPLIST_KEY_UILaunchStoryboardName = LaunchScreen;
				INFOPLIST_KEY_UIMainStoryboardFile = Main;
				INFOPLIST_KEY_UISupportedInterfaceOrientations_iPad = "UIInterfaceOrientationPortrait UIInterfaceOrientationPortraitUpsideDown UIInterfaceOrientationLandscapeLeft UIInterfaceOrientationLandscapeRight";
				INFOPLIST_KEY_UISupportedInterfaceOrientations_iPhone = "UIInterfaceOrientationPortrait UIInterfaceOrientationLandscapeLeft UIInterfaceOrientationLandscapeRight";
				LD_RUNPATH_SEARCH_PATHS = (
					"$(inherited)",
					"@executable_path/Frameworks",
				);
				MARKETING_VERSION = 1.0;
				PRODUCT_BUNDLE_IDENTIFIER = donatfeher.AskMeAnything;
				PRODUCT_NAME = "$(TARGET_NAME)";
				SWIFT_EMIT_LOC_STRINGS = YES;
				SWIFT_VERSION = 5.0;
				TARGETED_DEVICE_FAMILY = "1,2";
			};
			name = Release;
		};
		05BCE47128AE241F0021C0D0 /* Debug */ = {
			isa = XCBuildConfiguration;
			buildSettings = {
				ALWAYS_EMBED_SWIFT_STANDARD_LIBRARIES = YES;
				BUNDLE_LOADER = "$(TEST_HOST)";
				CODE_SIGN_STYLE = Automatic;
				CURRENT_PROJECT_VERSION = 1;
				GENERATE_INFOPLIST_FILE = YES;
				IPHONEOS_DEPLOYMENT_TARGET = 15.5;
				MARKETING_VERSION = 1.0;
				PRODUCT_BUNDLE_IDENTIFIER = donatfeher.AskMeAnythingTests;
				PRODUCT_NAME = "$(TARGET_NAME)";
				SWIFT_EMIT_LOC_STRINGS = NO;
				SWIFT_VERSION = 5.0;
				TARGETED_DEVICE_FAMILY = "1,2";
				TEST_HOST = "$(BUILT_PRODUCTS_DIR)/AskMeAnything.app/AskMeAnything";
			};
			name = Debug;
		};
		05BCE47228AE241F0021C0D0 /* Release */ = {
			isa = XCBuildConfiguration;
			buildSettings = {
				ALWAYS_EMBED_SWIFT_STANDARD_LIBRARIES = YES;
				BUNDLE_LOADER = "$(TEST_HOST)";
				CODE_SIGN_STYLE = Automatic;
				CURRENT_PROJECT_VERSION = 1;
				GENERATE_INFOPLIST_FILE = YES;
				IPHONEOS_DEPLOYMENT_TARGET = 15.5;
				MARKETING_VERSION = 1.0;
				PRODUCT_BUNDLE_IDENTIFIER = donatfeher.AskMeAnythingTests;
				PRODUCT_NAME = "$(TARGET_NAME)";
				SWIFT_EMIT_LOC_STRINGS = NO;
				SWIFT_VERSION = 5.0;
				TARGETED_DEVICE_FAMILY = "1,2";
				TEST_HOST = "$(BUILT_PRODUCTS_DIR)/AskMeAnything.app/AskMeAnything";
			};
			name = Release;
		};
		05BCE47428AE241F0021C0D0 /* Debug */ = {
			isa = XCBuildConfiguration;
			buildSettings = {
				ALWAYS_EMBED_SWIFT_STANDARD_LIBRARIES = YES;
				CODE_SIGN_STYLE = Automatic;
				CURRENT_PROJECT_VERSION = 1;
				GENERATE_INFOPLIST_FILE = YES;
				MARKETING_VERSION = 1.0;
				PRODUCT_BUNDLE_IDENTIFIER = donatfeher.AskMeAnythingUITests;
				PRODUCT_NAME = "$(TARGET_NAME)";
				SWIFT_EMIT_LOC_STRINGS = NO;
				SWIFT_VERSION = 5.0;
				TARGETED_DEVICE_FAMILY = "1,2";
				TEST_TARGET_NAME = AskMeAnything;
			};
			name = Debug;
		};
		05BCE47528AE241F0021C0D0 /* Release */ = {
			isa = XCBuildConfiguration;
			buildSettings = {
				ALWAYS_EMBED_SWIFT_STANDARD_LIBRARIES = YES;
				CODE_SIGN_STYLE = Automatic;
				CURRENT_PROJECT_VERSION = 1;
				GENERATE_INFOPLIST_FILE = YES;
				MARKETING_VERSION = 1.0;
				PRODUCT_BUNDLE_IDENTIFIER = donatfeher.AskMeAnythingUITests;
				PRODUCT_NAME = "$(TARGET_NAME)";
				SWIFT_EMIT_LOC_STRINGS = NO;
				SWIFT_VERSION = 5.0;
				TARGETED_DEVICE_FAMILY = "1,2";
				TEST_TARGET_NAME = AskMeAnything;
			};
			name = Release;
		};
/* End XCBuildConfiguration section */

/* Begin XCConfigurationList section */
		05BCE43E28AE241D0021C0D0 /* Build configuration list for PBXProject "AskMeAnything" */ = {
			isa = XCConfigurationList;
			buildConfigurations = (
				05BCE46B28AE241F0021C0D0 /* Debug */,
				05BCE46C28AE241F0021C0D0 /* Release */,
			);
			defaultConfigurationIsVisible = 0;
			defaultConfigurationName = Release;
		};
		05BCE46D28AE241F0021C0D0 /* Build configuration list for PBXNativeTarget "AskMeAnything" */ = {
			isa = XCConfigurationList;
			buildConfigurations = (
				05BCE46E28AE241F0021C0D0 /* Debug */,
				05BCE46F28AE241F0021C0D0 /* Release */,
			);
			defaultConfigurationIsVisible = 0;
			defaultConfigurationName = Release;
		};
		05BCE47028AE241F0021C0D0 /* Build configuration list for PBXNativeTarget "AskMeAnythingTests" */ = {
			isa = XCConfigurationList;
			buildConfigurations = (
				05BCE47128AE241F0021C0D0 /* Debug */,
				05BCE47228AE241F0021C0D0 /* Release */,
			);
			defaultConfigurationIsVisible = 0;
			defaultConfigurationName = Release;
		};
		05BCE47328AE241F0021C0D0 /* Build configuration list for PBXNativeTarget "AskMeAnythingUITests" */ = {
			isa = XCConfigurationList;
			buildConfigurations = (
				05BCE47428AE241F0021C0D0 /* Debug */,
				05BCE47528AE241F0021C0D0 /* Release */,
			);
			defaultConfigurationIsVisible = 0;
			defaultConfigurationName = Release;
		};
/* End XCConfigurationList section */
	};
	rootObject = 05BCE43B28AE241D0021C0D0 /* Project object */;
}
